
Microsoft Visual Studio Solution File, Format Version 12.00
# Visual Studio Version 16
VisualStudioVersion = 16.0.29905.134
MinimumVisualStudioVersion = 10.0.40219.1
Project("{FAE04EC0-301F-11D3-BF4B-00C04F79EFBC}") = "day01", "day01\day01.csproj", "{2EE1C0A5-C8E4-4A0E-AB1F-21914D2C6C14}"
EndProject
Global
	GlobalSection(SolutionConfigurationPlatforms) = preSolution
		Debug|Any CPU = Debug|Any CPU
		Release|Any CPU = Release|Any CPU
	EndGlobalSection
	GlobalSection(ProjectConfigurationPlatforms) = postSolution
		{2EE1C0A5-C8E4-4A0E-AB1F-21914D2C6C14}.Debug|Any CPU.ActiveCfg = Debug|Any CPU
		{2EE1C0A5-C8E4-4A0E-AB1F-21914D2C6C14}.Debug|Any CPU.Build.0 = Debug|Any CPU
		{2EE1C0A5-C8E4-4A0E-AB1F-21914D2C6C14}.Release|Any CPU.ActiveCfg = Release|Any CPU
		{2EE1C0A5-C8E4-4A0E-AB1F-21914D2C6C14}.Release|Any CPU.Build.0 = Release|Any CPU
	EndGlobalSection
	GlobalSection(SolutionProperties) = preSolution
		HideSolutionNode = FALSE
	EndGlobalSection
	GlobalSection(ExtensibilityGlobals) = postSolution
		SolutionGuid = {3DABBC55-8FD4-4F54-B44F-F824E87CF4F4}
	EndGlobalSection
EndGlobal
